
Microsoft Visual Studio Solution File, Format Version 12.00
# Visual Studio Version 16
VisualStudioVersion = 16.0.30523.141
MinimumVisualStudioVersion = 10.0.40219.1
Project("{FAE04EC0-301F-11D3-BF4B-00C04F79EFBC}") = "WeatherSvgRipper", "WeatherSvgRipper\WeatherSvgRipper.csproj", "{CF63C29C-73CB-41EF-8859-49C9C807069D}"
EndProject
Global
	GlobalSection(SolutionConfigurationPlatforms) = preSolution
		Debug|Any CPU = Debug|Any CPU
		Release|Any CPU = Release|Any CPU
	EndGlobalSection
	GlobalSection(ProjectConfigurationPlatforms) = postSolution
		{CF63C29C-73CB-41EF-8859-49C9C807069D}.Debug|Any CPU.ActiveCfg = Debug|Any CPU
		{CF63C29C-73CB-41EF-8859-49C9C807069D}.Debug|Any CPU.Build.0 = Debug|Any CPU
		{CF63C29C-73CB-41EF-8859-49C9C807069D}.Release|Any CPU.ActiveCfg = Release|Any CPU
		{CF63C29C-73CB-41EF-8859-49C9C807069D}.Release|Any CPU.Build.0 = Release|Any CPU
	EndGlobalSection
	GlobalSection(SolutionProperties) = preSolution
		HideSolutionNode = FALSE
	EndGlobalSection
	GlobalSection(ExtensibilityGlobals) = postSolution
		SolutionGuid = {1B61AEC4-7113-4809-88F2-2470DD8E8C0C}
	EndGlobalSection
EndGlobal
